
Microsoft Visual Studio Solution File, Format Version 11.00
# Visual Studio 2010
Project("{54435603-DBB4-11D2-8724-00A0C9A8B90C}") = "FeedbackAgentGUI", "FeedbackAgentGUI\FeedbackAgentGUI.vdproj", "{ACA184E6-9668-46D0-BF0C-EAA27CD5F7B6}"
EndProject
Project("{FAE04EC0-301F-11D3-BF4B-00C04F79EFBC}") = "Monitor", "Monitor\Monitor.csproj", "{3993CC1D-5DB4-4C40-B36F-DA0122A566DA}"
EndProject
Global
	GlobalSection(SolutionConfigurationPlatforms) = preSolution
		Debug|Any CPU = Debug|Any CPU
		Release|Any CPU = Release|Any CPU
	EndGlobalSection
	GlobalSection(ProjectConfigurationPlatforms) = postSolution
		{ACA184E6-9668-46D0-BF0C-EAA27CD5F7B6}.Debug|Any CPU.ActiveCfg = Debug
		{ACA184E6-9668-46D0-BF0C-EAA27CD5F7B6}.Debug|Any CPU.Build.0 = Debug
		{ACA184E6-9668-46D0-BF0C-EAA27CD5F7B6}.Release|Any CPU.ActiveCfg = Release
		{ACA184E6-9668-46D0-BF0C-EAA27CD5F7B6}.Release|Any CPU.Build.0 = Release
		{3993CC1D-5DB4-4C40-B36F-DA0122A566DA}.Debug|Any CPU.ActiveCfg = Debug|Any CPU
		{3993CC1D-5DB4-4C40-B36F-DA0122A566DA}.Debug|Any CPU.Build.0 = Debug|Any CPU
		{3993CC1D-5DB4-4C40-B36F-DA0122A566DA}.Release|Any CPU.ActiveCfg = Release|Any CPU
		{3993CC1D-5DB4-4C40-B36F-DA0122A566DA}.Release|Any CPU.Build.0 = Release|Any CPU
	EndGlobalSection
	GlobalSection(SolutionProperties) = preSolution
		HideSolutionNode = FALSE
	EndGlobalSection
EndGlobal
